
Microsoft Visual Studio Solution File, Format Version 12.00
# Visual Studio 2012
Project("{FAE04EC0-301F-11D3-BF4B-00C04F79EFBC}") = "DictManiac", "DictManiac\DictManiac.csproj", "{10098A6A-C810-462F-9E37-9A5439B5C951}"
EndProject
Global
	GlobalSection(SolutionConfigurationPlatforms) = preSolution
		Debug|Any CPU = Debug|Any CPU
		Release|Any CPU = Release|Any CPU
	EndGlobalSection
	GlobalSection(ProjectConfigurationPlatforms) = postSolution
		{10098A6A-C810-462F-9E37-9A5439B5C951}.Debug|Any CPU.ActiveCfg = Debug|Any CPU
		{10098A6A-C810-462F-9E37-9A5439B5C951}.Debug|Any CPU.Build.0 = Debug|Any CPU
		{10098A6A-C810-462F-9E37-9A5439B5C951}.Release|Any CPU.ActiveCfg = Release|Any CPU
		{10098A6A-C810-462F-9E37-9A5439B5C951}.Release|Any CPU.Build.0 = Release|Any CPU
	EndGlobalSection
	GlobalSection(SolutionProperties) = preSolution
		HideSolutionNode = FALSE
	EndGlobalSection
EndGlobal
